
Microsoft Visual Studio Solution File, Format Version 12.00
# Visual Studio Version 17
VisualStudioVersion = 17.8.34525.116
MinimumVisualStudioVersion = 10.0.40219.1
Project("{FAE04EC0-301F-11D3-BF4B-00C04F79EFBC}") = "SumofArray", "SumofArray\SumofArray.csproj", "{615ADE41-ECC9-4666-8FCC-9ADAACD4B96A}"
EndProject
Global
	GlobalSection(SolutionConfigurationPlatforms) = preSolution
		Debug|Any CPU = Debug|Any CPU
		Release|Any CPU = Release|Any CPU
	EndGlobalSection
	GlobalSection(ProjectConfigurationPlatforms) = postSolution
		{615ADE41-ECC9-4666-8FCC-9ADAACD4B96A}.Debug|Any CPU.ActiveCfg = Debug|Any CPU
		{615ADE41-ECC9-4666-8FCC-9ADAACD4B96A}.Debug|Any CPU.Build.0 = Debug|Any CPU
		{615ADE41-ECC9-4666-8FCC-9ADAACD4B96A}.Release|Any CPU.ActiveCfg = Release|Any CPU
		{615ADE41-ECC9-4666-8FCC-9ADAACD4B96A}.Release|Any CPU.Build.0 = Release|Any CPU
	EndGlobalSection
	GlobalSection(SolutionProperties) = preSolution
		HideSolutionNode = FALSE
	EndGlobalSection
	GlobalSection(ExtensibilityGlobals) = postSolution
		SolutionGuid = {388F8CEB-7526-4289-A28B-53BB3C231D39}
	EndGlobalSection
EndGlobal
